<Solution>
  <Folder Name="/.build/">
    <Project Path=".build/.build.csproj" />
  </Folder>
  <Folder Name="/.solution/">
    <File Path=".codecov.yml" />
    <File Path=".editorconfig" />
    <File Path=".gitignore" />
    <File Path="AGENTS.md" />
    <File Path="Directory.Build.props" />
    <File Path="Directory.Packages.props" />
    <File Path="global.json" />
    <File Path="LICENSE.md" />
    <File Path="README.md" />
    <File Path=".spec/brief.md" />
  </Folder>
  <Folder Name="/src/">
    <Project Path="src/specht/specht.csproj" />
    <Project Path="src\tool\tool.csproj" />
  </Folder>
  <Folder Name="/test/">
    <Project Path="test\acceptance\acceptance.csproj" />
    <Project Path="test\tests\tests.csproj" />
  </Folder>
</Solution>
